Microsoft Visual Studio Solution File, Format Version 12.00
# Visual Studio Version 16
VisualStudioVersion = 16.0.33529.622
MinimumVisualStudioVersion = 10.0.40219.1
Project("{8BC9CEB8-8B4A-11D0-8D11-00A0C91BC942}") = "OnSyteSlave", "OnSyteSlave\OnSyteSlave.vcxproj", "{264682CA-BCA3-4E75-BEB2-E7DDC1FBB312}"
EndProject
Project("{8BC9CEB8-8B4A-11D0-8D11-00A0C91BC942}") = "OnSyteMaster", "OnSyteMaster\OnSyteMaster.vcxproj", "{CD103605-6707-4FDD-9D5D-D755FB5E2A83}"
EndProject
Project("{8BC9CEB8-8B4A-11D0-8D11-00A0C91BC942}") = "ssh_test", "ssh_test\ssh_test.vcxproj", "{503FB60F-99AD-4BF9-99F0-EBB5C9F58B3A}"
EndProject
Global
	GlobalSection(SolutionConfigurationPlatforms) = preSolution
		Debug|ARM = Debug|ARM
		Debug|ARM64 = Debug|ARM64
		Release|ARM = Release|ARM
		Release|ARM64 = Release|ARM64
	EndGlobalSection
	GlobalSection(ProjectConfigurationPlatforms) = postSolution
		{264682CA-BCA3-4E75-BEB2-E7DDC1FBB312}.Debug|ARM.ActiveCfg = Debug|ARM
		{264682CA-BCA3-4E75-BEB2-E7DDC1FBB312}.Debug|ARM.Build.0 = Debug|ARM
		{264682CA-BCA3-4E75-BEB2-E7DDC1FBB312}.Debug|ARM.Deploy.0 = Debug|ARM
		{264682CA-BCA3-4E75-BEB2-E7DDC1FBB312}.Debug|ARM64.ActiveCfg = Debug|ARM64
		{264682CA-BCA3-4E75-BEB2-E7DDC1FBB312}.Debug|ARM64.Build.0 = Debug|ARM64
		{264682CA-BCA3-4E75-BEB2-E7DDC1FBB312}.Debug|ARM64.Deploy.0 = Debug|ARM64
		{264682CA-BCA3-4E75-BEB2-E7DDC1FBB312}.Release|ARM.ActiveCfg = Release|ARM
		{264682CA-BCA3-4E75-BEB2-E7DDC1FBB312}.Release|ARM.Build.0 = Release|ARM
		{264682CA-BCA3-4E75-BEB2-E7DDC1FBB312}.Release|ARM.Deploy.0 = Release|ARM
		{264682CA-BCA3-4E75-BEB2-E7DDC1FBB312}.Release|ARM64.ActiveCfg = Release|ARM64
		{264682CA-BCA3-4E75-BEB2-E7DDC1FBB312}.Release|ARM64.Build.0 = Release|ARM64
		{264682CA-BCA3-4E75-BEB2-E7DDC1FBB312}.Release|ARM64.Deploy.0 = Release|ARM64
		{CD103605-6707-4FDD-9D5D-D755FB5E2A83}.Debug|ARM.ActiveCfg = Debug|ARM
		{CD103605-6707-4FDD-9D5D-D755FB5E2A83}.Debug|ARM.Build.0 = Debug|ARM
		{CD103605-6707-4FDD-9D5D-D755FB5E2A83}.Debug|ARM.Deploy.0 = Debug|ARM
		{CD103605-6707-4FDD-9D5D-D755FB5E2A83}.Debug|ARM64.ActiveCfg = Debug|ARM64
		{CD103605-6707-4FDD-9D5D-D755FB5E2A83}.Debug|ARM64.Build.0 = Debug|ARM64
		{CD103605-6707-4FDD-9D5D-D755FB5E2A83}.Debug|ARM64.Deploy.0 = Debug|ARM64
		{CD103605-6707-4FDD-9D5D-D755FB5E2A83}.Release|ARM.ActiveCfg = Release|ARM
		{CD103605-6707-4FDD-9D5D-D755FB5E2A83}.Release|ARM.Build.0 = Release|ARM
		{CD103605-6707-4FDD-9D5D-D755FB5E2A83}.Release|ARM.Deploy.0 = Release|ARM
		{CD103605-6707-4FDD-9D5D-D755FB5E2A83}.Release|ARM64.ActiveCfg = Release|ARM64
		{CD103605-6707-4FDD-9D5D-D755FB5E2A83}.Release|ARM64.Build.0 = Release|ARM64
		{CD103605-6707-4FDD-9D5D-D755FB5E2A83}.Release|ARM64.Deploy.0 = Release|ARM64
		{503FB60F-99AD-4BF9-99F0-EBB5C9F58B3A}.Debug|ARM.ActiveCfg = Debug|ARM
		{503FB60F-99AD-4BF9-99F0-EBB5C9F58B3A}.Debug|ARM.Build.0 = Debug|ARM
		{503FB60F-99AD-4BF9-99F0-EBB5C9F58B3A}.Debug|ARM.Deploy.0 = Debug|ARM
		{503FB60F-99AD-4BF9-99F0-EBB5C9F58B3A}.Debug|ARM64.ActiveCfg = Debug|ARM64
		{503FB60F-99AD-4BF9-99F0-EBB5C9F58B3A}.Debug|ARM64.Build.0 = Debug|ARM64
		{503FB60F-99AD-4BF9-99F0-EBB5C9F58B3A}.Debug|ARM64.Deploy.0 = Debug|ARM64
		{503FB60F-99AD-4BF9-99F0-EBB5C9F58B3A}.Release|ARM.ActiveCfg = Release|ARM
		{503FB60F-99AD-4BF9-99F0-EBB5C9F58B3A}.Release|ARM.Build.0 = Release|ARM
		{503FB60F-99AD-4BF9-99F0-EBB5C9F58B3A}.Release|ARM.Deploy.0 = Release|ARM
		{503FB60F-99AD-4BF9-99F0-EBB5C9F58B3A}.Release|ARM64.ActiveCfg = Release|ARM64
		{503FB60F-99AD-4BF9-99F0-EBB5C9F58B3A}.Release|ARM64.Build.0 = Release|ARM64
		{503FB60F-99AD-4BF9-99F0-EBB5C9F58B3A}.Release|ARM64.Deploy.0 = Release|ARM64
	EndGlobalSection
	GlobalSection(SolutionProperties) = preSolution
		HideSolutionNode = FALSE
	EndGlobalSection
	GlobalSection(ExtensibilityGlobals) = postSolution
		SolutionGuid = {0F3D8206-2BF6-488B-80C3-E944F43576C8}
	EndGlobalSection
EndGlobal
